# @generated - this file is auto-generated by `mise lock` https://mise.jdx.dev/dev-tools/mise-lock.html

lockfile_version = 3

[[tools.deno]]
version = "2.9.7"
backend = "core:deno"
specifiers = ["2.9.7"]

[tools.deno."platforms.linux-arm64"]
checksum = "sha256:c832298b1ad4422481334855f6003e0f54145762c5a134f20a489511d2f65bbf"
url = "https://dl.deno.land/release/v2.9.7/deno-aarch64-unknown-linux-gnu.zip"

[tools.deno."platforms.linux-arm64-musl"]
checksum = "sha256:c832298b1ad4422481334855f6003e0f54145762c5a134f20a489511d2f65bbf"
url = "https://dl.deno.land/release/v2.9.7/deno-aarch64-unknown-linux-gnu.zip"

[tools.deno."platforms.linux-x64"]
checksum = "sha256:c6527f24f4b16031d3ae4fa9f658d5f11534c8d84ce7dc8502420280919c3490"
url = "https://dl.deno.land/release/v2.9.7/deno-x86_64-unknown-linux-gnu.zip"

[tools.deno."platforms.linux-x64-musl"]
checksum = "sha256:c6527f24f4b16031d3ae4fa9f658d5f11534c8d84ce7dc8502420280919c3490"
url = "https://dl.deno.land/release/v2.9.7/deno-x86_64-unknown-linux-gnu.zip"

[tools.deno."platforms.macos-arm64"]
checksum = "sha256:5cd46d6268f6f78f5d88bdc7159d20bd44cdaa4b3303474839f87ec6fe7ae25c"
url = "https://dl.deno.land/release/v2.9.7/deno-aarch64-apple-darwin.zip"

[tools.deno."platforms.macos-x64"]
checksum = "sha256:95daaff11c116a52ad54785e7914c8e9c9cdcaba793c5ed929c74ca2d8e6259a"
url = "https://dl.deno.land/release/v2.9.7/deno-x86_64-apple-darwin.zip"

[tools.deno."platforms.windows-x64"]
checksum = "sha256:a0c3101b4158d1dfb7d6a78a7bf0f3de80c96bb423c152beec8beb22786f2238"
url = "https://dl.deno.land/release/v2.9.7/deno-x86_64-pc-windows-msvc.zip"

[[tools.java]]
version = "temurin-21.0.12+101.0.LTS"
backend = "core:java"
specifiers = ["temurin-21"]

[tools.java."platforms.linux-arm64"]
checksum = "sha256:23e37e026f12f3e706f18938ff611db3032d075b09d0879a25d06718c773e223"
url = "https://github.com/adoptium/temurin21-binaries/releases/download/jdk-21.0.12.1%2B1/OpenJDK21U-jdk_aarch64_linux_hotspot_21.0.12.1_1.tar.gz"

[tools.java."platforms.linux-arm64-musl"]
checksum = "sha256:8242627927adc90ac2561d0812dd39890ebc21ef09b550bc2e8b93640b8af4f8"
url = "https://github.com/adoptium/temurin21-binaries/releases/download/jdk-21.0.12.1%2B1/OpenJDK21U-jdk_aarch64_alpine-linux_hotspot_21.0.12.1_1.tar.gz"

[tools.java."platforms.linux-x64"]
checksum = "sha256:ce79869e1307ed8ee1e2baa86a412b1eb5b75d10a01006d788a6f968bcfaee94"
url = "https://github.com/adoptium/temurin21-binaries/releases/download/jdk-21.0.12.1%2B1/OpenJDK21U-jdk_x64_linux_hotspot_21.0.12.1_1.tar.gz"

[tools.java."platforms.linux-x64-musl"]
checksum = "sha256:bd8824214e42b33333c7f55a039ea078ad6ea6be20d7c5b011c801fb2bdb44f0"
url = "https://github.com/adoptium/temurin21-binaries/releases/download/jdk-21.0.12.1%2B1/OpenJDK21U-jdk_x64_alpine-linux_hotspot_21.0.12.1_1.tar.gz"

[tools.java."platforms.macos-arm64"]
checksum = "sha256:3623232f33a9c3baadf304480b2535f9a3cba8a58d42ecbb438ba267315d9998"
url = "https://github.com/adoptium/temurin21-binaries/releases/download/jdk-21.0.12.1%2B1/OpenJDK21U-jdk_aarch64_mac_hotspot_21.0.12.1_1.tar.gz"

[tools.java."platforms.macos-x64"]
checksum = "sha256:44db0f08196daf19a47f90d13388b0c943b67663cb537f998fe29e836fa842ce"
url = "https://github.com/adoptium/temurin21-binaries/releases/download/jdk-21.0.12.1%2B1/OpenJDK21U-jdk_x64_mac_hotspot_21.0.12.1_1.tar.gz"

[tools.java."platforms.windows-x64"]
checksum = "sha256:f9d6e191ab098c0d416e7d588a24420a8621cd2f4720dab2459b8b7b2d2d8b4e"
url = "https://github.com/adoptium/temurin21-binaries/releases/download/jdk-21.0.12.1%2B1/OpenJDK21U-jdk_x64_windows_hotspot_21.0.12.1_1.zip"

[[tools.python]]
version = "3.13.7"
backend = "core:python"
specifiers = ["3.13.7"]

[tools.python."platforms.linux-arm64"]
checksum = "sha256:0af6c9a17df4d5afdef37825d0cc703264c1a0a94dad825b2b6b6975b524c0d5"
url = "https://github.com/astral-sh/python-build-standalone/releases/download/20250918/cpython-3.13.7+20250918-aarch64-unknown-linux-gnu-install_only_stripped.tar.gz"
provenance = "github-attestations"

[tools.python."platforms.linux-arm64-musl"]
checksum = "sha256:b1cc6647c75d550e3cbe9cc6fe8f9eca76e18abbeff52bc56978411adf9227e0"
url = "https://github.com/astral-sh/python-build-standalone/releases/download/20250918/cpython-3.13.7+20250918-aarch64-unknown-linux-musl-install_only_stripped.tar.gz"
provenance = "github-attestations"

[tools.python."platforms.linux-x64"]
checksum = "sha256:888fb7e192caafdb33e028f865b7da68dce5e924cfe58fcef96323e175a70e3e"
url = "https://github.com/astral-sh/python-build-standalone/releases/download/20250918/cpython-3.13.7+20250918-x86_64-unknown-linux-gnu-install_only_stripped.tar.gz"
provenance = "github-attestations"

[tools.python."platforms.linux-x64-musl"]
checksum = "sha256:21d1b942b6fa29cd3924bc4ed77b8b8b85b8263e0e9c8b12120b344054345583"
url = "https://github.com/astral-sh/python-build-standalone/releases/download/20250918/cpython-3.13.7+20250918-x86_64-unknown-linux-musl-install_only_stripped.tar.gz"
provenance = "github-attestations"

[tools.python."platforms.macos-arm64"]
checksum = "sha256:10f26ea5fc7c4d9c012faf372898a801f34b8fd7730c677576263224d56835fe"
url = "https://github.com/astral-sh/python-build-standalone/releases/download/20250918/cpython-3.13.7+20250918-aarch64-apple-darwin-install_only_stripped.tar.gz"
provenance = "github-attestations"

[tools.python."platforms.macos-x64"]
checksum = "sha256:e640143d4dde2edff1865c3e88e44b046478b790af4f8b3ac4d228e53952dda0"
url = "https://github.com/astral-sh/python-build-standalone/releases/download/20250918/cpython-3.13.7+20250918-x86_64-apple-darwin-install_only_stripped.tar.gz"
provenance = "github-attestations"

[tools.python."platforms.windows-x64"]
checksum = "sha256:bc229e5364699a8456b6ceabde8348c75e62312ffd62631dd1e494a1755a45ed"
url = "https://github.com/astral-sh/python-build-standalone/releases/download/20250918/cpython-3.13.7+20250918-x86_64-pc-windows-msvc-install_only_stripped.tar.gz"
provenance = "github-attestations"
